Microsoft Visual Studio Solution File, Format Version 12.00
# Visual Studio 15
VisualStudioVersion = 15.0.27004.2009
MinimumVisualStudioVersion = 10.0.40219.1
Project("{2150E333-8FDC-42A3-9474-1A3956D46DE8}") = "samples", "samples", "{54D98041-C6CE-4487-AC2B-3C44C6FF14D4}"
EndProject
Project("{9A19103F-16F7-4668-BE54-9A1E7A4F7556}") = "IdentityServer4.WsFederation", "src\IdentityServer4.WsFederation\IdentityServer4.WsFederation.csproj", "{BA230C51-500F-4E00-9F92-522E1AA97727}"
EndProject
Project("{2150E333-8FDC-42A3-9474-1A3956D46DE8}") = "tests", "tests", "{BC99B936-C782-4BC4-B222-456B6B2FDBE6}"
EndProject
Project("{9A19103F-16F7-4668-BE54-9A1E7A4F7556}") = "IdentityServer4.WsFederation.Tests", "tests\IdentityServer4.WsFederation.Tests\IdentityServer4.WsFederation.Tests.csproj", "{45DF824C-F584-4EC8-95BD-6460DA14BA88}"
EndProject
Project("{2150E333-8FDC-42A3-9474-1A3956D46DE8}") = "Clients", "Clients", "{68E4130D-F17C-483D-B8C1-92BEDB3E0D6E}"
EndProject
Project("{FAE04EC0-301F-11D3-BF4B-00C04F79EFBC}") = "MVC OWIN WS-Federation", "samples\clients\MvcOwinWsFederation\MVC OWIN WS-Federation.csproj", "{A40486A5-0BEB-4CB0-9390-4A0D998CE3E1}"
EndProject
Project("{9A19103F-16F7-4668-BE54-9A1E7A4F7556}") = "AspNetCoreWsFederation", "samples\clients\AspNetCoreWsFederation\AspNetCoreWsFederation.csproj", "{7024B73B-BA3B-4614-BD10-CB9D7B8EA231}"
EndProject
Project("{2150E333-8FDC-42A3-9474-1A3956D46DE8}") = "Server", "Server", "{C27DF028-C6E0-4BA0-B62D-B234BFA2C284}"
EndProject
Project("{2150E333-8FDC-42A3-9474-1A3956D46DE8}") = "src", "src", "{207D0B56-1E47-45B5-A8EF-BABC020A388E}"
EndProject
Project("{9A19103F-16F7-4668-BE54-9A1E7A4F7556}") = "IdentityServer4.WsFederation", "samples\server\IdentityServer4.WsFederation\IdentityServer4.WsFederation.csproj", "{7F1F80CA-2112-4E65-91CE-6A4E7B70C8F1}"
EndProject
Global
	GlobalSection(SolutionConfigurationPlatforms) = preSolution
		Debug|Any CPU = Debug|Any CPU
		Debug|x64 = Debug|x64
		Debug|x86 = Debug|x86
		Release|Any CPU = Release|Any CPU
		Release|x64 = Release|x64
		Release|x86 = Release|x86
	EndGlobalSection
	GlobalSection(ProjectConfigurationPlatforms) = postSolution
		{BA230C51-500F-4E00-9F92-522E1AA97727}.Debug|Any CPU.ActiveCfg = Debug|Any CPU
		{BA230C51-500F-4E00-9F92-522E1AA97727}.Debug|Any CPU.Build.0 = Debug|Any CPU
		{BA230C51-500F-4E00-9F92-522E1AA97727}.Debug|x64.ActiveCfg = Debug|Any CPU
		{BA230C51-500F-4E00-9F92-522E1AA97727}.Debug|x64.Build.0 = Debug|Any CPU
		{BA230C51-500F-4E00-9F92-522E1AA97727}.Debug|x86.ActiveCfg = Debug|Any CPU
		{BA230C51-500F-4E00-9F92-522E1AA97727}.Debug|x86.Build.0 = Debug|Any CPU
		{BA230C51-500F-4E00-9F92-522E1AA97727}.Release|Any CPU.ActiveCfg = Release|Any CPU
		{BA230C51-500F-4E00-9F92-522E1AA97727}.Release|Any CPU.Build.0 = Release|Any CPU
		{BA230C51-500F-4E00-9F92-522E1AA97727}.Release|x64.ActiveCfg = Release|Any CPU
		{BA230C51-500F-4E00-9F92-522E1AA97727}.Release|x64.Build.0 = Release|Any CPU
		{BA230C51-500F-4E00-9F92-522E1AA97727}.Release|x86.ActiveCfg = Release|Any CPU
		{BA230C51-500F-4E00-9F92-522E1AA97727}.Release|x86.Build.0 = Release|Any CPU
		{45DF824C-F584-4EC8-95BD-6460DA14BA88}.Debug|Any CPU.ActiveCfg = Debug|Any CPU
		{45DF824C-F584-4EC8-95BD-6460DA14BA88}.Debug|Any CPU.Build.0 = Debug|Any CPU
		{45DF824C-F584-4EC8-95BD-6460DA14BA88}.Debug|x64.ActiveCfg = Debug|Any CPU
		{45DF824C-F584-4EC8-95BD-6460DA14BA88}.Debug|x64.Build.0 = Debug|Any CPU
		{45DF824C-F584-4EC8-95BD-6460DA14BA88}.Debug|x86.ActiveCfg = Debug|Any CPU
		{45DF824C-F584-4EC8-95BD-6460DA14BA88}.Debug|x86.Build.0 = Debug|Any CPU
		{45DF824C-F584-4EC8-95BD-6460DA14BA88}.Release|Any CPU.ActiveCfg = Release|Any CPU
		{45DF824C-F584-4EC8-95BD-6460DA14BA88}.Release|Any CPU.Build.0 = Release|Any CPU
		{45DF824C-F584-4EC8-95BD-6460DA14BA88}.Release|x64.ActiveCfg = Release|Any CPU
		{45DF824C-F584-4EC8-95BD-6460DA14BA88}.Release|x64.Build.0 = Release|Any CPU
		{45DF824C-F584-4EC8-95BD-6460DA14BA88}.Release|x86.ActiveCfg = Release|Any CPU
		{45DF824C-F584-4EC8-95BD-6460DA14BA88}.Release|x86.Build.0 = Release|Any CPU
		{A40486A5-0BEB-4CB0-9390-4A0D998CE3E1}.Debug|Any CPU.ActiveCfg = Debug|Any CPU
		{A40486A5-0BEB-4CB0-9390-4A0D998CE3E1}.Debug|Any CPU.Build.0 = Debug|Any CPU
		{A40486A5-0BEB-4CB0-9390-4A0D998CE3E1}.Debug|x64.ActiveCfg = Debug|Any CPU
		{A40486A5-0BEB-4CB0-9390-4A0D998CE3E1}.Debug|x64.Build.0 = Debug|Any CPU
		{A40486A5-0BEB-4CB0-9390-4A0D998CE3E1}.Debug|x86.ActiveCfg = Debug|Any CPU
		{A40486A5-0BEB-4CB0-9390-4A0D998CE3E1}.Debug|x86.Build.0 = Debug|Any CPU
		{A40486A5-0BEB-4CB0-9390-4A0D998CE3E1}.Release|Any CPU.ActiveCfg = Release|Any CPU
		{A40486A5-0BEB-4CB0-9390-4A0D998CE3E1}.Release|Any CPU.Build.0 = Release|Any CPU
		{A40486A5-0BEB-4CB0-9390-4A0D998CE3E1}.Release|x64.ActiveCfg = Release|Any CPU
		{A40486A5-0BEB-4CB0-9390-4A0D998CE3E1}.Release|x64.Build.0 = Release|Any CPU
		{A40486A5-0BEB-4CB0-9390-4A0D998CE3E1}.Release|x86.ActiveCfg = Release|Any CPU
		{A40486A5-0BEB-4CB0-9390-4A0D998CE3E1}.Release|x86.Build.0 = Release|Any CPU
		{7024B73B-BA3B-4614-BD10-CB9D7B8EA231}.Debug|Any CPU.ActiveCfg = Debug|Any CPU
		{7024B73B-BA3B-4614-BD10-CB9D7B8EA231}.Debug|Any CPU.Build.0 = Debug|Any CPU
		{7024B73B-BA3B-4614-BD10-CB9D7B8EA231}.Debug|x64.ActiveCfg = Debug|Any CPU
		{7024B73B-BA3B-4614-BD10-CB9D7B8EA231}.Debug|x64.Build.0 = Debug|Any CPU
		{7024B73B-BA3B-4614-BD10-CB9D7B8EA231}.Debug|x86.ActiveCfg = Debug|Any CPU
		{7024B73B-BA3B-4614-BD10-CB9D7B8EA231}.Debug|x86.Build.0 = Debug|Any CPU
		{7024B73B-BA3B-4614-BD10-CB9D7B8EA231}.Release|Any CPU.ActiveCfg = Release|Any CPU
		{7024B73B-BA3B-4614-BD10-CB9D7B8EA231}.Release|Any CPU.Build.0 = Release|Any CPU
		{7024B73B-BA3B-4614-BD10-CB9D7B8EA231}.Release|x64.ActiveCfg = Release|Any CPU
		{7024B73B-BA3B-4614-BD10-CB9D7B8EA231}.Release|x64.Build.0 = Release|Any CPU
		{7024B73B-BA3B-4614-BD10-CB9D7B8EA231}.Release|x86.ActiveCfg = Release|Any CPU
		{7024B73B-BA3B-4614-BD10-CB9D7B8EA231}.Release|x86.Build.0 = Release|Any CPU
		{7F1F80CA-2112-4E65-91CE-6A4E7B70C8F1}.Debug|Any CPU.ActiveCfg = Debug|Any CPU
		{7F1F80CA-2112-4E65-91CE-6A4E7B70C8F1}.Debug|Any CPU.Build.0 = Debug|Any CPU
		{7F1F80CA-2112-4E65-91CE-6A4E7B70C8F1}.Debug|x64.ActiveCfg = Debug|Any CPU
		{7F1F80CA-2112-4E65-91CE-6A4E7B70C8F1}.Debug|x64.Build.0 = Debug|Any CPU
		{7F1F80CA-2112-4E65-91CE-6A4E7B70C8F1}.Debug|x86.ActiveCfg = Debug|Any CPU
		{7F1F80CA-2112-4E65-91CE-6A4E7B70C8F1}.Debug|x86.Build.0 = Debug|Any CPU
		{7F1F80CA-2112-4E65-91CE-6A4E7B70C8F1}.Release|Any CPU.ActiveCfg = Release|Any CPU
		{7F1F80CA-2112-4E65-91CE-6A4E7B70C8F1}.Release|Any CPU.Build.0 = Release|Any CPU
		{7F1F80CA-2112-4E65-91CE-6A4E7B70C8F1}.Release|x64.ActiveCfg = Release|Any CPU
		{7F1F80CA-2112-4E65-91CE-6A4E7B70C8F1}.Release|x64.Build.0 = Release|Any CPU
		{7F1F80CA-2112-4E65-91CE-6A4E7B70C8F1}.Release|x86.ActiveCfg = Release|Any CPU
		{7F1F80CA-2112-4E65-91CE-6A4E7B70C8F1}.Release|x86.Build.0 = Release|Any CPU
	EndGlobalSection
	GlobalSection(SolutionProperties) = preSolution
		HideSolutionNode = FALSE
	EndGlobalSection
	GlobalSection(NestedProjects) = preSolution
		{BA230C51-500F-4E00-9F92-522E1AA97727} = {207D0B56-1E47-45B5-A8EF-BABC020A388E}
		{45DF824C-F584-4EC8-95BD-6460DA14BA88} = {BC99B936-C782-4BC4-B222-456B6B2FDBE6}
		{68E4130D-F17C-483D-B8C1-92BEDB3E0D6E} = {54D98041-C6CE-4487-AC2B-3C44C6FF14D4}
		{A40486A5-0BEB-4CB0-9390-4A0D998CE3E1} = {68E4130D-F17C-483D-B8C1-92BEDB3E0D6E}
		{7024B73B-BA3B-4614-BD10-CB9D7B8EA231} = {68E4130D-F17C-483D-B8C1-92BEDB3E0D6E}
		{C27DF028-C6E0-4BA0-B62D-B234BFA2C284} = {54D98041-C6CE-4487-AC2B-3C44C6FF14D4}
		{7F1F80CA-2112-4E65-91CE-6A4E7B70C8F1} = {C27DF028-C6E0-4BA0-B62D-B234BFA2C284}
	EndGlobalSection
	GlobalSection(ExtensibilityGlobals) = postSolution
		SolutionGuid = {917E525C-4ED5-4E03-AB25-E56F9469C4EB}
	EndGlobalSection
EndGlobal
