
Microsoft Visual Studio Solution File, Format Version 12.00
# Visual Studio 15
VisualStudioVersion = 15.0.26228.4
MinimumVisualStudioVersion = 10.0.40219.1
Project("{2150E333-8FDC-42A3-9474-1A3956D46DE8}") = "src", "src", "{54D98041-C6CE-4487-AC2B-3C44C6FF14D4}"
EndProject
Project("{9A19103F-16F7-4668-BE54-9A1E7A4F7556}") = "IdentityServer4.WsFederation", "src\IdentityServer4.WsFederation\IdentityServer4.WsFederation.csproj", "{BA230C51-500F-4E00-9F92-522E1AA97727}"
EndProject
Project("{2150E333-8FDC-42A3-9474-1A3956D46DE8}") = "tests", "tests", "{BC99B936-C782-4BC4-B222-456B6B2FDBE6}"
EndProject
Project("{FAE04EC0-301F-11D3-BF4B-00C04F79EFBC}") = "IdentityServer4.WsFederation.Tests", "tests\IdentityServer4.WsFederation.Tests\IdentityServer4.WsFederation.Tests.csproj", "{45DF824C-F584-4EC8-95BD-6460DA14BA88}"
EndProject
Global
	GlobalSection(SolutionConfigurationPlatforms) = preSolution
		Debug|Any CPU = Debug|Any CPU
		Release|Any CPU = Release|Any CPU
		Debug|x64 = Debug|x64
		Debug|x86 = Debug|x86
		Release|x64 = Release|x64
		Release|x86 = Release|x86
	EndGlobalSection
	GlobalSection(ProjectConfigurationPlatforms) = postSolution
		{BA230C51-500F-4E00-9F92-522E1AA97727}.Debug|Any CPU.ActiveCfg = Debug|Any CPU
		{BA230C51-500F-4E00-9F92-522E1AA97727}.Debug|Any CPU.Build.0 = Debug|Any CPU
		{BA230C51-500F-4E00-9F92-522E1AA97727}.Release|Any CPU.ActiveCfg = Release|Any CPU
		{BA230C51-500F-4E00-9F92-522E1AA97727}.Release|Any CPU.Build.0 = Release|Any CPU
		{45DF824C-F584-4EC8-95BD-6460DA14BA88}.Debug|Any CPU.ActiveCfg = Debug|Any CPU
		{45DF824C-F584-4EC8-95BD-6460DA14BA88}.Debug|Any CPU.Build.0 = Debug|Any CPU
		{45DF824C-F584-4EC8-95BD-6460DA14BA88}.Debug|x64.ActiveCfg = Debug|x64
		{45DF824C-F584-4EC8-95BD-6460DA14BA88}.Debug|x64.Build.0 = Debug|x64
		{45DF824C-F584-4EC8-95BD-6460DA14BA88}.Debug|x86.ActiveCfg = Debug|x86
		{45DF824C-F584-4EC8-95BD-6460DA14BA88}.Debug|x86.Build.0 = Debug|x86
		{45DF824C-F584-4EC8-95BD-6460DA14BA88}.Release|Any CPU.ActiveCfg = Release|Any CPU
		{45DF824C-F584-4EC8-95BD-6460DA14BA88}.Release|Any CPU.Build.0 = Release|Any CPU
		{45DF824C-F584-4EC8-95BD-6460DA14BA88}.Release|x64.ActiveCfg = Release|x64
		{45DF824C-F584-4EC8-95BD-6460DA14BA88}.Release|x64.Build.0 = Release|x64
		{45DF824C-F584-4EC8-95BD-6460DA14BA88}.Release|x86.ActiveCfg = Release|x86
		{45DF824C-F584-4EC8-95BD-6460DA14BA88}.Release|x86.Build.0 = Release|x86
	EndGlobalSection
	GlobalSection(SolutionProperties) = preSolution
		HideSolutionNode = FALSE
	EndGlobalSection
	GlobalSection(NestedProjects) = preSolution
		{BA230C51-500F-4E00-9F92-522E1AA97727} = {54D98041-C6CE-4487-AC2B-3C44C6FF14D4}
		{45DF824C-F584-4EC8-95BD-6460DA14BA88} = {BC99B936-C782-4BC4-B222-456B6B2FDBE6}
	EndGlobalSection
EndGlobal
